// !$*UTF8*$!
{
	archiveVersion = 1;
	classes = {
	};
	objectVersion = 50;
	objects = {

/* Begin PBXBuildFile section */
		76AF1DDB2098DE0000B01B2A /* AppDelegate.swift in Sources */ = {isa = PBXBuildFile; fileRef = 76AF1DDA2098DE0000B01B2A /* AppDelegate.swift */; };
		76AF1DE02098DE0100B01B2A /* Main.storyboard in Resources */ = {isa = PBXBuildFile; fileRef = 76AF1DDE2098DE0100B01B2A /* Main.storyboard */; };
		76AF1DE22098DE0200B01B2A /* Assets.xcassets in Resources */ = {isa = PBXBuildFile; fileRef = 76AF1DE12098DE0200B01B2A /* Assets.xcassets */; };
		76AF1DE52098DE0200B01B2A /* LaunchScreen.storyboard in Resources */ = {isa = PBXBuildFile; fileRef = 76AF1DE32098DE0200B01B2A /* LaunchScreen.storyboard */; };
		76AF1DED2098DE5000B01B2A /* PageViewController.swift in Sources */ = {isa = PBXBuildFile; fileRef = 76AF1DEC2098DE5000B01B2A /* PageViewController.swift */; };
/* End PBXBuildFile section */

/* Begin PBXFileReference section */
		76AF1DD72098DE0000B01B2A /* MyPageTest.app */ = {isa = PBXFileReference; explicitFileType = wrapper.application; includeInIndex = 0; path = MyPageTest.app; sourceTree = BUILT_PRODUCTS_DIR; };
		76AF1DDA2098DE0000B01B2A /* AppDelegate.swift */ = {isa = PBXFileReference; lastKnownFileType = sourcecode.swift; path = AppDelegate.swift; sourceTree = "<group>"; };
		76AF1DDF2098DE0100B01B2A /* Base */ = {isa = PBXFileReference; lastKnownFileType = file.storyboard; name = Base; path = Base.lproj/Main.storyboard; sourceTree = "<group>"; };
		76AF1DE12098DE0200B01B2A /* Assets.xcassets */ = {isa = PBXFileReference; lastKnownFileType = folder.assetcatalog; path = Assets.xcassets; sourceTree = "<group>"; };
		76AF1DE42098DE0200B01B2A /* Base */ = {isa = PBXFileReference; lastKnownFileType = file.storyboard; name = Base; path = Base.lproj/LaunchScreen.storyboard; sourceTree = "<group>"; };
		76AF1DE62098DE0200B01B2A /* Info.plist */ = {isa = PBXFileReference; lastKnownFileType = text.plist.xml; path = Info.plist; sourceTree = "<group>"; };
		76AF1DEC2098DE5000B01B2A /* PageViewController.swift */ = {isa = PBXFileReference; lastKnownFileType = sourcecode.swift; path = PageViewController.swift; sourceTree = "<group>"; };
/* End PBXFileReference section */

/* Begin PBXFrameworksBuildPhase section */
		76AF1DD42098DE0000B01B2A /* Frameworks */ = {
			isa = PBXFrameworksBuildPhase;
			buildActionMask = 2147483647;
			files = (
			);
			runOnlyForDeploymentPostprocessing = 0;
		};
/* End PBXFrameworksBuildPhase section */

/* Begin PBXGroup section */
		76AF1DCE2098DE0000B01B2A = {
			isa = PBXGroup;
			children = (
				76AF1DD92098DE0000B01B2A /* MyPageTest */,
				76AF1DD82098DE0000B01B2A /* Products */,
			);
			sourceTree = "<group>";
		};
		76AF1DD82098DE0000B01B2A /* Products */ = {
			isa = PBXGroup;
			children = (
				76AF1DD72098DE0000B01B2A /* MyPageTest.app */,
			);
			name = Products;
			sourceTree = "<group>";
		};
		76AF1DD92098DE0000B01B2A /* MyPageTest */ = {
			isa = PBXGroup;
			children = (
				76AF1DDA2098DE0000B01B2A /* AppDelegate.swift */,
				76AF1DEC2098DE5000B01B2A /* PageViewController.swift */,
				76AF1DDE2098DE0100B01B2A /* Main.storyboard */,
				76AF1DE12098DE0200B01B2A /* Assets.xcassets */,
				76AF1DE32098DE0200B01B2A /* LaunchScreen.storyboard */,
				76AF1DE62098DE0200B01B2A /* Info.plist */,
			);
			path = MyPageTest;
			sourceTree = "<group>";
		};
/* End PBXGroup section */

/* Begin PBXNativeTarget section */
		76AF1DD62098DE0000B01B2A /* MyPageTest */ = {
			isa = PBXNativeTarget;
			buildConfigurationList = 76AF1DE92098DE0200B01B2A /* Build configuration list for PBXNativeTarget "MyPageTest" */;
			buildPhases = (
				76AF1DD32098DE0000B01B2A /* Sources */,
				76AF1DD42098DE0000B01B2A /* Frameworks */,
				76AF1DD52098DE0000B01B2A /* Resources */,
			);
			buildRules = (
			);
			dependencies = (
			);
			name = MyPageTest;
			productName = MyPageTest;
			productReference = 76AF1DD72098DE0000B01B2A /* MyPageTest.app */;
			productType = "com.apple.product-type.application";
		};
/* End PBXNativeTarget section */

/* Begin PBXProject section */
		76AF1DCF2098DE0000B01B2A /* Project object */ = {
			isa = PBXProject;
			attributes = {
				LastSwiftUpdateCheck = 0930;
				LastUpgradeCheck = 0930;
				ORGANIZATIONNAME = OlehMalichenko;
				TargetAttributes = {
					76AF1DD62098DE0000B01B2A = {
						CreatedOnToolsVersion = 9.3;
					};
				};
			};
			buildConfigurationList = 76AF1DD22098DE0000B01B2A /* Build configuration list for PBXProject "MyPageTest" */;
			compatibilityVersion = "Xcode 9.3";
			developmentRegion = en;
			hasScannedForEncodings = 0;
			knownRegions = (
				en,
				Base,
			);
			mainGroup = 76AF1DCE2098DE0000B01B2A;
			productRefGroup = 76AF1DD82098DE0000B01B2A /* Products */;
			projectDirPath = "";
			projectRoot = "";
			targets = (
				76AF1DD62098DE0000B01B2A /* MyPageTest */,
			);
		};
/* End PBXProject section */

/* Begin PBXResourcesBuildPhase section */
		76AF1DD52098DE0000B01B2A /* Resources */ = {
			isa = PBXResourcesBuildPhase;
			buildActionMask = 2147483647;
			files = (
				76AF1DE52098DE0200B01B2A /* LaunchScreen.storyboard in Resources */,
				76AF1DE22098DE0200B01B2A /* Assets.xcassets in Resources */,
				76AF1DE02098DE0100B01B2A /* Main.storyboard in Resources */,
			);
			runOnlyForDeploymentPostprocessing = 0;
		};
/* End PBXResourcesBuildPhase section */

/* Begin PBXSourcesBuildPhase section */
		76AF1DD32098DE0000B01B2A /* Sources */ = {
			isa = PBXSourcesBuildPhase;
			buildActionMask = 2147483647;
			files = (
				76AF1DDB2098DE0000B01B2A /* AppDelegate.swift in Sources */,
				76AF1DED2098DE5000B01B2A /* PageViewController.swift in Sources */,
			);
			runOnlyForDeploymentPostprocessing = 0;
		};
/* End PBXSourcesBuildPhase section */

/* Begin PBXVariantGroup section */
		76AF1DDE2098DE0100B01B2A /* Main.storyboard */ = {
			isa = PBXVariantGroup;
			children = (
				76AF1DDF2098DE0100B01B2A /* Base */,
			);
			name = Main.storyboard;
			sourceTree = "<group>";
		};
		76AF1DE32098DE0200B01B2A /* LaunchScreen.storyboard */ = {
			isa = PBXVariantGroup;
			children = (
				76AF1DE42098DE0200B01B2A /* Base */,
			);
			name = LaunchScreen.storyboard;
			sourceTree = "<group>";
		};
/* End PBXVariantGroup section */

/* Begin XCBuildConfiguration section */
		76AF1DE72098DE0200B01B2A /* Debug */ = {
			isa = XCBuildConfiguration;
			buildSettings = {
				ALWAYS_SEARCH_USER_PATHS = NO;
				CLANG_ANALYZER_NONNULL = YES;
				CLANG_ANALYZER_NUMBER_OBJECT_CONVERSION = YES_AGGRESSIVE;
				CLANG_CXX_LANGUAGE_STANDARD = "gnu++14";
				CLANG_CXX_LIBRARY = "libc++";
				CLANG_ENABLE_MODULES = YES;
				CLANG_ENABLE_OBJC_ARC = YES;
				CLANG_ENABLE_OBJC_WEAK = YES;
				CLANG_WARN_BLOCK_CAPTURE_AUTORELEASING = YES;
				CLANG_WARN_BOOL_CONVERSION = YES;
				CLANG_WARN_COMMA = YES;
				CLANG_WARN_CONSTANT_CONVERSION = YES;
				CLANG_WARN_DEPRECATED_OBJC_IMPLEMENTATIONS = YES;
				CLANG_WARN_DIRECT_OBJC_ISA_USAGE = YES_ERROR;
				CLANG_WARN_DOCUMENTATION_COMMENTS = YES;
				CLANG_WARN_EMPTY_BODY = YES;
				CLANG_WARN_ENUM_CONVERSION = YES;
				CLANG_WARN_INFINITE_RECURSION = YES;
				CLANG_WARN_INT_CONVERSION = YES;
				CLANG_WARN_NON_LITERAL_NULL_CONVERSION = YES;
				CLANG_WARN_OBJC_IMPLICIT_RETAIN_SELF = YES;
				CLANG_WARN_OBJC_LITERAL_CONVERSION = YES;
				CLANG_WARN_OBJC_ROOT_CLASS = YES_ERROR;
				CLANG_WARN_RANGE_LOOP_ANALYSIS = YES;
				CLANG_WARN_STRICT_PROTOTYPES = YES;
				CLANG_WARN_SUSPICIOUS_MOVE = YES;
				CLANG_WARN_UNGUARDED_AVAILABILITY = YES_AGGRESSIVE;
				CLANG_WARN_UNREACHABLE_CODE = YES;
				CLANG_WARN__DUPLICATE_METHOD_MATCH = YES;
				CODE_SIGN_IDENTITY = "iPhone Developer";
				COPY_PHASE_STRIP = NO;
				DEBUG_INFORMATION_FORMAT = dwarf;
				ENABLE_STRICT_OBJC_MSGSEND = YES;
				ENABLE_TESTABILITY = YES;
				GCC_C_LANGUAGE_STANDARD = gnu11;
				GCC_DYNAMIC_NO_PIC = NO;
				GCC_NO_COMMON_BLOCKS = YES;
				GCC_OPTIMIZATION_LEVEL = 0;
				GCC_PREPROCESSOR_DEFINITIONS = (
					"DEBUG=1",
					"$(inherited)",
				);
				GCC_WARN_64_TO_32_BIT_CONVERSION = YES;
				GCC_WARN_ABOUT_RETURN_TYPE = YES_ERROR;
				GCC_WARN_UNDECLARED_SELECTOR = YES;
				GCC_WARN_UNINITIALIZED_AUTOS = YES_AGGRESSIVE;
				GCC_WARN_UNUSED_FUNCTION = YES;
				GCC_WARN_UNUSED_VARIABLE = YES;
				IPHONEOS_DEPLOYMENT_TARGET = 11.3;
				MTL_ENABLE_DEBUG_INFO = YES;
				ONLY_ACTIVE_ARCH = YES;
				SDKROOT = iphoneos;
				SWIFT_ACTIVE_COMPILATION_CONDITIONS = DEBUG;
				SWIFT_OPTIMIZATION_LEVEL = "-Onone";
			};
			name = Debug;
		};
		76AF1DE82098DE0200B01B2A /* Release */ = {
			isa = XCBuildConfiguration;
			buildSettings = {
				ALWAYS_SEARCH_USER_PATHS = NO;
				CLANG_ANALYZER_NONNULL = YES;
				CLANG_ANALYZER_NUMBER_OBJECT_CONVERSION = YES_AGGRESSIVE;
				CLANG_CXX_LANGUAGE_STANDARD = "gnu++14";
				CLANG_CXX_LIBRARY = "libc++";
				CLANG_ENABLE_MODULES = YES;
				CLANG_ENABLE_OBJC_ARC = YES;
				CLANG_ENABLE_OBJC_WEAK = YES;
				CLANG_WARN_BLOCK_CAPTURE_AUTORELEASING = YES;
				CLANG_WARN_BOOL_CONVERSION = YES;
				CLANG_WARN_COMMA = YES;
				CLANG_WARN_CONSTANT_CONVERSION = YES;
				CLANG_WARN_DEPRECATED_OBJC_IMPLEMENTATIONS = YES;
				CLANG_WARN_DIRECT_OBJC_ISA_USAGE = YES_ERROR;
				CLANG_WARN_DOCUMENTATION_COMMENTS = YES;
				CLANG_WARN_EMPTY_BODY = YES;
				CLANG_WARN_ENUM_CONVERSION = YES;
				CLANG_WARN_INFINITE_RECURSION = YES;
				CLANG_WARN_INT_CONVERSION = YES;
				CLANG_WARN_NON_LITERAL_NULL_CONVERSION = YES;
				CLANG_WARN_OBJC_IMPLICIT_RETAIN_SELF = YES;
				CLANG_WARN_OBJC_LITERAL_CONVERSION = YES;
				CLANG_WARN_OBJC_ROOT_CLASS = YES_ERROR;
				CLANG_WARN_RANGE_LOOP_ANALYSIS = YES;
				CLANG_WARN_STRICT_PROTOTYPES = YES;
				CLANG_WARN_SUSPICIOUS_MOVE = YES;
				CLANG_WARN_UNGUARDED_AVAILABILITY = YES_AGGRESSIVE;
				CLANG_WARN_UNREACHABLE_CODE = YES;
				CLANG_WARN__DUPLICATE_METHOD_MATCH = YES;
				CODE_SIGN_IDENTITY = "iPhone Developer";
				COPY_PHASE_STRIP = NO;
				DEBUG_INFORMATION_FORMAT = "dwarf-with-dsym";
				ENABLE_NS_ASSERTIONS = NO;
				ENABLE_STRICT_OBJC_MSGSEND = YES;
				GCC_C_LANGUAGE_STANDARD = gnu11;
				GCC_NO_COMMON_BLOCKS = YES;
				GCC_WARN_64_TO_32_BIT_CONVERSION = YES;
				GCC_WARN_ABOUT_RETURN_TYPE = YES_ERROR;
				GCC_WARN_UNDECLARED_SELECTOR = YES;
				GCC_WARN_UNINITIALIZED_AUTOS = YES_AGGRESSIVE;
				GCC_WARN_UNUSED_FUNCTION = YES;
				GCC_WARN_UNUSED_VARIABLE = YES;
				IPHONEOS_DEPLOYMENT_TARGET = 11.3;
				MTL_ENABLE_DEBUG_INFO = NO;
				SDKROOT = iphoneos;
				SWIFT_COMPILATION_MODE = wholemodule;
				SWIFT_OPTIMIZATION_LEVEL = "-O";
				VALIDATE_PRODUCT = YES;
			};
			name = Release;
		};
		76AF1DEA2098DE0200B01B2A /* Debug */ = {
			isa = XCBuildConfiguration;
			buildSettings = {
				ASSETCATALOG_COMPILER_APPICON_NAME = AppIcon;
				CODE_SIGN_STYLE = Automatic;
				DEVELOPMENT_TEAM = J4EZ9638SY;
				INFOPLIST_FILE = MyPageTest/Info.plist;
				LD_RUNPATH_SEARCH_PATHS = (
					"$(inherited)",
					"@executable_path/Frameworks",
				);
				PRODUCT_BUNDLE_IDENTIFIER = "Oleh-Malichenko.MyPageTest";
				PRODUCT_NAME = "$(TARGET_NAME)";
				SWIFT_VERSION = 4.0;
				TARGETED_DEVICE_FAMILY = "1,2";
			};
			name = Debug;
		};
		76AF1DEB2098DE0200B01B2A /* Release */ = {
			isa = XCBuildConfiguration;
			buildSettings = {
				ASSETCATALOG_COMPILER_APPICON_NAME = AppIcon;
				CODE_SIGN_STYLE = Automatic;
				DEVELOPMENT_TEAM = J4EZ9638SY;
				INFOPLIST_FILE = MyPageTest/Info.plist;
				LD_RUNPATH_SEARCH_PATHS = (
					"$(inherited)",
					"@executable_path/Frameworks",
				);
				PRODUCT_BUNDLE_IDENTIFIER = "Oleh-Malichenko.MyPageTest";
				PRODUCT_NAME = "$(TARGET_NAME)";
				SWIFT_VERSION = 4.0;
				TARGETED_DEVICE_FAMILY = "1,2";
			};
			name = Release;
		};
/* End XCBuildConfiguration section */

/* Begin XCConfigurationList section */
		76AF1DD22098DE0000B01B2A /* Build configuration list for PBXProject "MyPageTest" */ = {
			isa = XCConfigurationList;
			buildConfigurations = (
				76AF1DE72098DE0200B01B2A /* Debug */,
				76AF1DE82098DE0200B01B2A /* Release */,
			);
			defaultConfigurationIsVisible = 0;
			defaultConfigurationName = Release;
		};
		76AF1DE92098DE0200B01B2A /* Build configuration list for PBXNativeTarget "MyPageTest" */ = {
			isa = XCConfigurationList;
			buildConfigurations = (
				76AF1DEA2098DE0200B01B2A /* Debug */,
				76AF1DEB2098DE0200B01B2A /* Release */,
			);
			defaultConfigurationIsVisible = 0;
			defaultConfigurationName = Release;
		};
/* End XCConfigurationList section */
	};
	rootObject = 76AF1DCF2098DE0000B01B2A /* Project object */;
}
